// !$*UTF8*$!
{
	archiveVersion = 1;
	classes = {
	};
	objectVersion = 46;
	objects = {

/* Begin PBXBuildFile section */
		3DDE8CFE12290D970BB81CC0 /* Pods_translateApp.framework in Frameworks */ = {isa = PBXBuildFile; fileRef = ED01DB6E4F7073F4DC7845F7 /* Pods_translateApp.framework */; };
		D5C3B01DAC0B85ADFDAD7BCE /* Pods_MessagesExtension.framework in Frameworks */ = {isa = PBXBuildFile; fileRef = 0CC90A9095063809C4BEC006 /* Pods_MessagesExtension.framework */; };
		F63784071EFE2B2A0012B069 /* TranslateApi.swift in Sources */ = {isa = PBXBuildFile; fileRef = F63784061EFE2B2A0012B069 /* TranslateApi.swift */; };
		F637840A1EFE37730012B069 /* Reachability.swift in Sources */ = {isa = PBXBuildFile; fileRef = F63784091EFE37730012B069 /* Reachability.swift */; };
		F637840D1EFE38870012B069 /* NetworkExtension.framework in Frameworks */ = {isa = PBXBuildFile; fileRef = F637840C1EFE38870012B069 /* NetworkExtension.framework */; };
		F6A917031EFDE4740064AF0E /* Assets.xcassets in Resources */ = {isa = PBXBuildFile; fileRef = F6A917021EFDE4740064AF0E /* Assets.xcassets */; };
		F6A9170A1EFDE4740064AF0E /* MessagesExtension.appex in Embed App Extensions */ = {isa = PBXBuildFile; fileRef = F6A917091EFDE4740064AF0E /* MessagesExtension.appex */; settings = {ATTRIBUTES = (RemoveHeadersOnCopy, ); }; };
		F6A9170F1EFDE4740064AF0E /* Messages.framework in Frameworks */ = {isa = PBXBuildFile; fileRef = F6A9170E1EFDE4740064AF0E /* Messages.framework */; };
		F6A917121EFDE4740064AF0E /* MessagesViewController.swift in Sources */ = {isa = PBXBuildFile; fileRef = F6A917111EFDE4740064AF0E /* MessagesViewController.swift */; };
		F6A917151EFDE4740064AF0E /* MainInterface.storyboard in Resources */ = {isa = PBXBuildFile; fileRef = F6A917131EFDE4740064AF0E /* MainInterface.storyboard */; };
		F6A917171EFDE4740064AF0E /* Assets.xcassets in Resources */ = {isa = PBXBuildFile; fileRef = F6A917161EFDE4740064AF0E /* Assets.xcassets */; };
		F6C657AA1F00405A0015D84A /* languages.json in Resources */ = {isa = PBXBuildFile; fileRef = F6C657A91F00405A0015D84A /* languages.json */; };
/* End PBXBuildFile section */

/* Begin PBXContainerItemProxy section */
		F6A9170B1EFDE4740064AF0E /* PBXContainerItemProxy */ = {
			isa = PBXContainerItemProxy;
			containerPortal = F6A916F91EFDE4740064AF0E /* Project object */;
			proxyType = 1;
			remoteGlobalIDString = F6A917081EFDE4740064AF0E;
			remoteInfo = MessagesExtension;
		};
/* End PBXContainerItemProxy section */

/* Begin PBXCopyFilesBuildPhase section */
		F6A9171E1EFDE4740064AF0E /* Embed App Extensions */ = {
			isa = PBXCopyFilesBuildPhase;
			buildActionMask = 2147483647;
			dstPath = "";
			dstSubfolderSpec = 13;
			files = (
				F6A9170A1EFDE4740064AF0E /* MessagesExtension.appex in Embed App Extensions */,
			);
			name = "Embed App Extensions";
			runOnlyForDeploymentPostprocessing = 0;
		};
/* End PBXCopyFilesBuildPhase section */

/* Begin PBXFileReference section */
		0CC90A9095063809C4BEC006 /* Pods_MessagesExtension.framework */ = {isa = PBXFileReference; explicitFileType = wrapper.framework; includeInIndex = 0; path = Pods_MessagesExtension.framework; sourceTree = BUILT_PRODUCTS_DIR; };
		1C89B79DD4F18C70AE3A62FE /* Pods-translateApp.debug.xcconfig */ = {isa = PBXFileReference; includeInIndex = 1; lastKnownFileType = text.xcconfig; name = "Pods-translateApp.debug.xcconfig"; path = "Pods/Target Support Files/Pods-translateApp/Pods-translateApp.debug.xcconfig"; sourceTree = "<group>"; };
		5448551E06C538F242949D2B /* Pods-translateApp.release.xcconfig */ = {isa = PBXFileReference; includeInIndex = 1; lastKnownFileType = text.xcconfig; name = "Pods-translateApp.release.xcconfig"; path = "Pods/Target Support Files/Pods-translateApp/Pods-translateApp.release.xcconfig"; sourceTree = "<group>"; };
		944362F268A23109E5E366E7 /* Pods-MessagesExtension.release.xcconfig */ = {isa = PBXFileReference; includeInIndex = 1; lastKnownFileType = text.xcconfig; name = "Pods-MessagesExtension.release.xcconfig"; path = "Pods/Target Support Files/Pods-MessagesExtension/Pods-MessagesExtension.release.xcconfig"; sourceTree = "<group>"; };
		A5E2CE984DE8123EE112C364 /* Pods-MessagesExtension.debug.xcconfig */ = {isa = PBXFileReference; includeInIndex = 1; lastKnownFileType = text.xcconfig; name = "Pods-MessagesExtension.debug.xcconfig"; path = "Pods/Target Support Files/Pods-MessagesExtension/Pods-MessagesExtension.debug.xcconfig"; sourceTree = "<group>"; };
		ED01DB6E4F7073F4DC7845F7 /* Pods_translateApp.framework */ = {isa = PBXFileReference; explicitFileType = wrapper.framework; includeInIndex = 0; path = Pods_translateApp.framework; sourceTree = BUILT_PRODUCTS_DIR; };
		F63784061EFE2B2A0012B069 /* TranslateApi.swift */ = {isa = PBXFileReference; fileEncoding = 4; lastKnownFileType = sourcecode.swift; path = TranslateApi.swift; sourceTree = "<group>"; };
		F63784091EFE37730012B069 /* Reachability.swift */ = {isa = PBXFileReference; fileEncoding = 4; lastKnownFileType = sourcecode.swift; path = Reachability.swift; sourceTree = "<group>"; };
		F637840B1EFE38790012B069 /* MessagesExtension.entitlements */ = {isa = PBXFileReference; lastKnownFileType = text.plist.entitlements; path = MessagesExtension.entitlements; sourceTree = "<group>"; };
		F637840C1EFE38870012B069 /* NetworkExtension.framework */ = {isa = PBXFileReference; lastKnownFileType = wrapper.framework; name = NetworkExtension.framework; path = System/Library/Frameworks/NetworkExtension.framework; sourceTree = SDKROOT; };
		F6A916FF1EFDE4740064AF0E /* translateApp.app */ = {isa = PBXFileReference; explicitFileType = wrapper.application; includeInIndex = 0; path = translateApp.app; sourceTree = BUILT_PRODUCTS_DIR; };
		F6A917021EFDE4740064AF0E /* Assets.xcassets */ = {isa = PBXFileReference; lastKnownFileType = folder.assetcatalog; path = Assets.xcassets; sourceTree = "<group>"; };
		F6A917041EFDE4740064AF0E /* Info.plist */ = {isa = PBXFileReference; lastKnownFileType = text.plist.xml; path = Info.plist; sourceTree = "<group>"; };
		F6A917091EFDE4740064AF0E /* MessagesExtension.appex */ = {isa = PBXFileReference; explicitFileType = "wrapper.app-extension"; includeInIndex = 0; path = MessagesExtension.appex; sourceTree = BUILT_PRODUCTS_DIR; };
		F6A9170E1EFDE4740064AF0E /* Messages.framework */ = {isa = PBXFileReference; lastKnownFileType = wrapper.framework; name = Messages.framework; path = System/Library/Frameworks/Messages.framework; sourceTree = SDKROOT; };
		F6A917111EFDE4740064AF0E /* MessagesViewController.swift */ = {isa = PBXFileReference; lastKnownFileType = sourcecode.swift; path = MessagesViewController.swift; sourceTree = "<group>"; };
		F6A917141EFDE4740064AF0E /* Base */ = {isa = PBXFileReference; lastKnownFileType = file.storyboard; name = Base; path = Base.lproj/MainInterface.storyboard; sourceTree = "<group>"; };
		F6A917161EFDE4740064AF0E /* Assets.xcassets */ = {isa = PBXFileReference; lastKnownFileType = folder.assetcatalog; path = Assets.xcassets; sourceTree = "<group>"; };
		F6A917181EFDE4740064AF0E /* Info.plist */ = {isa = PBXFileReference; lastKnownFileType = text.plist.xml; path = Info.plist; sourceTree = "<group>"; };
		F6C657A91F00405A0015D84A /* languages.json */ = {isa = PBXFileReference; fileEncoding = 4; lastKnownFileType = text.json; path = languages.json; sourceTree = "<group>"; };
/* End PBXFileReference section */

/* Begin PBXFrameworksBuildPhase section */
		A964DC878BC69F26649D4E33 /* Frameworks */ = {
			isa = PBXFrameworksBuildPhase;
			buildActionMask = 2147483647;
			files = (
				3DDE8CFE12290D970BB81CC0 /* Pods_translateApp.framework in Frameworks */,
			);
			runOnlyForDeploymentPostprocessing = 0;
		};
		F6A917061EFDE4740064AF0E /* Frameworks */ = {
			isa = PBXFrameworksBuildPhase;
			buildActionMask = 2147483647;
			files = (
				F6A9170F1EFDE4740064AF0E /* Messages.framework in Frameworks */,
				F637840D1EFE38870012B069 /* NetworkExtension.framework in Frameworks */,
				D5C3B01DAC0B85ADFDAD7BCE /* Pods_MessagesExtension.framework in Frameworks */,
			);
			runOnlyForDeploymentPostprocessing = 0;
		};
/* End PBXFrameworksBuildPhase section */

/* Begin PBXGroup section */
		F63784081EFE37660012B069 /* Network */ = {
			isa = PBXGroup;
			children = (
				F63784091EFE37730012B069 /* Reachability.swift */,
			);
			name = Network;
			sourceTree = "<group>";
		};
		F6A916F81EFDE4740064AF0E = {
			isa = PBXGroup;
			children = (
				F6A917011EFDE4740064AF0E /* translateApp */,
				F6A917101EFDE4740064AF0E /* MessagesExtension */,
				F6A9170D1EFDE4740064AF0E /* Frameworks */,
				F6A917001EFDE4740064AF0E /* Products */,
				F8AB5FC6059A1982C82565C0 /* Pods */,
			);
			sourceTree = "<group>";
		};
		F6A917001EFDE4740064AF0E /* Products */ = {
			isa = PBXGroup;
			children = (
				F6A916FF1EFDE4740064AF0E /* translateApp.app */,
				F6A917091EFDE4740064AF0E /* MessagesExtension.appex */,
			);
			name = Products;
			sourceTree = "<group>";
		};
		F6A917011EFDE4740064AF0E /* translateApp */ = {
			isa = PBXGroup;
			children = (
				F6A917021EFDE4740064AF0E /* Assets.xcassets */,
				F6A917041EFDE4740064AF0E /* Info.plist */,
			);
			path = translateApp;
			sourceTree = "<group>";
		};
		F6A9170D1EFDE4740064AF0E /* Frameworks */ = {
			isa = PBXGroup;
			children = (
				F637840C1EFE38870012B069 /* NetworkExtension.framework */,
				F6A9170E1EFDE4740064AF0E /* Messages.framework */,
				0CC90A9095063809C4BEC006 /* Pods_MessagesExtension.framework */,
				ED01DB6E4F7073F4DC7845F7 /* Pods_translateApp.framework */,
			);
			name = Frameworks;
			sourceTree = "<group>";
		};
		F6A917101EFDE4740064AF0E /* MessagesExtension */ = {
			isa = PBXGroup;
			children = (
				F637840B1EFE38790012B069 /* MessagesExtension.entitlements */,
				F6A917111EFDE4740064AF0E /* MessagesViewController.swift */,
				F63784061EFE2B2A0012B069 /* TranslateApi.swift */,
				F63784081EFE37660012B069 /* Network */,
				F6A917131EFDE4740064AF0E /* MainInterface.storyboard */,
				F6A917161EFDE4740064AF0E /* Assets.xcassets */,
				F6C657A91F00405A0015D84A /* languages.json */,
				F6A917181EFDE4740064AF0E /* Info.plist */,
				F6C657A81F0040360015D84A /* New Group */,
			);
			path = MessagesExtension;
			sourceTree = "<group>";
		};
		F6C657A81F0040360015D84A /* New Group */ = {
			isa = PBXGroup;
			children = (
			);
			name = "New Group";
			sourceTree = "<group>";
		};
		F8AB5FC6059A1982C82565C0 /* Pods */ = {
			isa = PBXGroup;
			children = (
				A5E2CE984DE8123EE112C364 /* Pods-MessagesExtension.debug.xcconfig */,
				944362F268A23109E5E366E7 /* Pods-MessagesExtension.release.xcconfig */,
				1C89B79DD4F18C70AE3A62FE /* Pods-translateApp.debug.xcconfig */,
				5448551E06C538F242949D2B /* Pods-translateApp.release.xcconfig */,
			);
			name = Pods;
			sourceTree = "<group>";
		};
/* End PBXGroup section */

/* Begin PBXNativeTarget section */
		F6A916FE1EFDE4740064AF0E /* translateApp */ = {
			isa = PBXNativeTarget;
			buildConfigurationList = F6A9171F1EFDE4740064AF0E /* Build configuration list for PBXNativeTarget "translateApp" */;
			buildPhases = (
				BD82DE3F03BBD94D32D3D41B /* [CP] Check Pods Manifest.lock */,
				F6A916FD1EFDE4740064AF0E /* Resources */,
				F6A9171E1EFDE4740064AF0E /* Embed App Extensions */,
				A964DC878BC69F26649D4E33 /* Frameworks */,
				7578EA4999F23DE3CD471132 /* [CP] Embed Pods Frameworks */,
				CD20E48493B9AF90FAF93534 /* [CP] Copy Pods Resources */,
			);
			buildRules = (
			);
			dependencies = (
				F6A9170C1EFDE4740064AF0E /* PBXTargetDependency */,
			);
			name = translateApp;
			productName = translateApp;
			productReference = F6A916FF1EFDE4740064AF0E /* translateApp.app */;
			productType = "com.apple.product-type.application.messages";
		};
		F6A917081EFDE4740064AF0E /* MessagesExtension */ = {
			isa = PBXNativeTarget;
			buildConfigurationList = F6A9171B1EFDE4740064AF0E /* Build configuration list for PBXNativeTarget "MessagesExtension" */;
			buildPhases = (
				FC72003491E89ED2F06951A0 /* [CP] Check Pods Manifest.lock */,
				F6A917051EFDE4740064AF0E /* Sources */,
				F6A917061EFDE4740064AF0E /* Frameworks */,
				F6A917071EFDE4740064AF0E /* Resources */,
				1BE6F39D59DC225D1F066737 /* [CP] Copy Pods Resources */,
			);
			buildRules = (
			);
			dependencies = (
			);
			name = MessagesExtension;
			productName = MessagesExtension;
			productReference = F6A917091EFDE4740064AF0E /* MessagesExtension.appex */;
			productType = "com.apple.product-type.app-extension.messages";
		};
/* End PBXNativeTarget section */

/* Begin PBXProject section */
		F6A916F91EFDE4740064AF0E /* Project object */ = {
			isa = PBXProject;
			attributes = {
				LastSwiftUpdateCheck = 0830;
				LastUpgradeCheck = 0830;
				ORGANIZATIONNAME = "Shiv Sakhuja";
				TargetAttributes = {
					F6A916FE1EFDE4740064AF0E = {
						CreatedOnToolsVersion = 8.3.2;
						DevelopmentTeam = P79GHWWSY3;
						ProvisioningStyle = Automatic;
					};
					F6A917081EFDE4740064AF0E = {
						CreatedOnToolsVersion = 8.3.2;
						DevelopmentTeam = P79GHWWSY3;
						ProvisioningStyle = Automatic;
						SystemCapabilities = {
							com.apple.ApplicationGroups.iOS = {
								enabled = 1;
							};
							com.apple.NetworkExtensions = {
								enabled = 1;
							};
						};
					};
				};
			};
			buildConfigurationList = F6A916FC1EFDE4740064AF0E /* Build configuration list for PBXProject "translateApp" */;
			compatibilityVersion = "Xcode 3.2";
			developmentRegion = English;
			hasScannedForEncodings = 0;
			knownRegions = (
				en,
				Base,
			);
			mainGroup = F6A916F81EFDE4740064AF0E;
			productRefGroup = F6A917001EFDE4740064AF0E /* Products */;
			projectDirPath = "";
			projectRoot = "";
			targets = (
				F6A916FE1EFDE4740064AF0E /* translateApp */,
				F6A917081EFDE4740064AF0E /* MessagesExtension */,
			);
		};
/* End PBXProject section */

/* Begin PBXResourcesBuildPhase section */
		F6A916FD1EFDE4740064AF0E /* Resources */ = {
			isa = PBXResourcesBuildPhase;
			buildActionMask = 2147483647;
			files = (
				F6A917031EFDE4740064AF0E /* Assets.xcassets in Resources */,
			);
			runOnlyForDeploymentPostprocessing = 0;
		};
		F6A917071EFDE4740064AF0E /* Resources */ = {
			isa = PBXResourcesBuildPhase;
			buildActionMask = 2147483647;
			files = (
				F6C657AA1F00405A0015D84A /* languages.json in Resources */,
				F6A917171EFDE4740064AF0E /* Assets.xcassets in Resources */,
				F6A917151EFDE4740064AF0E /* MainInterface.storyboard in Resources */,
			);
			runOnlyForDeploymentPostprocessing = 0;
		};
/* End PBXResourcesBuildPhase section */

/* Begin PBXShellScriptBuildPhase section */
		1BE6F39D59DC225D1F066737 /* [CP] Copy Pods Resources */ = {
			isa = PBXShellScriptBuildPhase;
			buildActionMask = 2147483647;
			files = (
			);
			inputPaths = (
			);
			name = "[CP] Copy Pods Resources";
			outputPaths = (
			);
			runOnlyForDeploymentPostprocessing = 0;
			shellPath = /bin/sh;
			shellScript = "\"${SRCROOT}/Pods/Target Support Files/Pods-MessagesExtension/Pods-MessagesExtension-resources.sh\"\n";
			showEnvVarsInLog = 0;
		};
		7578EA4999F23DE3CD471132 /* [CP] Embed Pods Frameworks */ = {
			isa = PBXShellScriptBuildPhase;
			buildActionMask = 2147483647;
			files = (
			);
			inputPaths = (
			);
			name = "[CP] Embed Pods Frameworks";
			outputPaths = (
			);
			runOnlyForDeploymentPostprocessing = 0;
			shellPath = /bin/sh;
			shellScript = "\"${SRCROOT}/Pods/Target Support Files/Pods-translateApp/Pods-translateApp-frameworks.sh\"\n";
			showEnvVarsInLog = 0;
		};
		BD82DE3F03BBD94D32D3D41B /* [CP] Check Pods Manifest.lock */ = {
			isa = PBXShellScriptBuildPhase;
			buildActionMask = 2147483647;
			files = (
			);
			inputPaths = (
			);
			name = "[CP] Check Pods Manifest.lock";
			outputPaths = (
			);
			runOnlyForDeploymentPostprocessing = 0;
			shellPath = /bin/sh;
			shellScript = "diff \"${PODS_ROOT}/../Podfile.lock\" \"${PODS_ROOT}/Manifest.lock\" > /dev/null\nif [ $? != 0 ] ; then\n    # print error to STDERR\n    echo \"error: The sandbox is not in sync with the Podfile.lock. Run 'pod install' or update your CocoaPods installation.\" >&2\n    exit 1\nfi\n";
			showEnvVarsInLog = 0;
		};
		CD20E48493B9AF90FAF93534 /* [CP] Copy Pods Resources */ = {
			isa = PBXShellScriptBuildPhase;
			buildActionMask = 2147483647;
			files = (
			);
			inputPaths = (
			);
			name = "[CP] Copy Pods Resources";
			outputPaths = (
			);
			runOnlyForDeploymentPostprocessing = 0;
			shellPath = /bin/sh;
			shellScript = "\"${SRCROOT}/Pods/Target Support Files/Pods-translateApp/Pods-translateApp-resources.sh\"\n";
			showEnvVarsInLog = 0;
		};
		FC72003491E89ED2F06951A0 /* [CP] Check Pods Manifest.lock */ = {
			isa = PBXShellScriptBuildPhase;
			buildActionMask = 2147483647;
			files = (
			);
			inputPaths = (
			);
			name = "[CP] Check Pods Manifest.lock";
			outputPaths = (
			);
			runOnlyForDeploymentPostprocessing = 0;
			shellPath = /bin/sh;
			shellScript = "diff \"${PODS_ROOT}/../Podfile.lock\" \"${PODS_ROOT}/Manifest.lock\" > /dev/null\nif [ $? != 0 ] ; then\n    # print error to STDERR\n    echo \"error: The sandbox is not in sync with the Podfile.lock. Run 'pod install' or update your CocoaPods installation.\" >&2\n    exit 1\nfi\n";
			showEnvVarsInLog = 0;
		};
/* End PBXShellScriptBuildPhase section */

/* Begin PBXSourcesBuildPhase section */
		F6A917051EFDE4740064AF0E /* Sources */ = {
			isa = PBXSourcesBuildPhase;
			buildActionMask = 2147483647;
			files = (
				F6A917121EFDE4740064AF0E /* MessagesViewController.swift in Sources */,
				F63784071EFE2B2A0012B069 /* TranslateApi.swift in Sources */,
				F637840A1EFE37730012B069 /* Reachability.swift in Sources */,
			);
			runOnlyForDeploymentPostprocessing = 0;
		};
/* End PBXSourcesBuildPhase section */

/* Begin PBXTargetDependency section */
		F6A9170C1EFDE4740064AF0E /* PBXTargetDependency */ = {
			isa = PBXTargetDependency;
			target = F6A917081EFDE4740064AF0E /* MessagesExtension */;
			targetProxy = F6A9170B1EFDE4740064AF0E /* PBXContainerItemProxy */;
		};
/* End PBXTargetDependency section */

/* Begin PBXVariantGroup section */
		F6A917131EFDE4740064AF0E /* MainInterface.storyboard */ = {
			isa = PBXVariantGroup;
			children = (
				F6A917141EFDE4740064AF0E /* Base */,
			);
			name = MainInterface.storyboard;
			sourceTree = "<group>";
		};
/* End PBXVariantGroup section */

/* Begin XCBuildConfiguration section */
		F6A917191EFDE4740064AF0E /* Debug */ = {
			isa = XCBuildConfiguration;
			buildSettings = {
				ALWAYS_SEARCH_USER_PATHS = NO;
				CLANG_ANALYZER_NONNULL = YES;
				CLANG_ANALYZER_NUMBER_OBJECT_CONVERSION = YES_AGGRESSIVE;
				CLANG_CXX_LANGUAGE_STANDARD = "gnu++0x";
				CLANG_CXX_LIBRARY = "libc++";
				CLANG_ENABLE_MODULES = YES;
				CLANG_ENABLE_OBJC_ARC = YES;
				CLANG_WARN_BOOL_CONVERSION = YES;
				CLANG_WARN_CONSTANT_CONVERSION = YES;
				CLANG_WARN_DIRECT_OBJC_ISA_USAGE = YES_ERROR;
				CLANG_WARN_DOCUMENTATION_COMMENTS = YES;
				CLANG_WARN_EMPTY_BODY = YES;
				CLANG_WARN_ENUM_CONVERSION = YES;
				CLANG_WARN_INFINITE_RECURSION = YES;
				CLANG_WARN_INT_CONVERSION = YES;
				CLANG_WARN_OBJC_ROOT_CLASS = YES_ERROR;
				CLANG_WARN_SUSPICIOUS_MOVE = YES;
				CLANG_WARN_UNREACHABLE_CODE = YES;
				CLANG_WARN__DUPLICATE_METHOD_MATCH = YES;
				"CODE_SIGN_IDENTITY[sdk=iphoneos*]" = "iPhone Developer";
				COPY_PHASE_STRIP = NO;
				DEBUG_INFORMATION_FORMAT = dwarf;
				ENABLE_STRICT_OBJC_MSGSEND = YES;
				ENABLE_TESTABILITY = YES;
				GCC_C_LANGUAGE_STANDARD = gnu99;
				GCC_DYNAMIC_NO_PIC = NO;
				GCC_NO_COMMON_BLOCKS = YES;
				GCC_OPTIMIZATION_LEVEL = 0;
				GCC_PREPROCESSOR_DEFINITIONS = (
					"DEBUG=1",
					"$(inherited)",
				);
				GCC_WARN_64_TO_32_BIT_CONVERSION = YES;
				GCC_WARN_ABOUT_RETURN_TYPE = YES_ERROR;
				GCC_WARN_UNDECLARED_SELECTOR = YES;
				GCC_WARN_UNINITIALIZED_AUTOS = YES_AGGRESSIVE;
				GCC_WARN_UNUSED_FUNCTION = YES;
				GCC_WARN_UNUSED_VARIABLE = YES;
				IPHONEOS_DEPLOYMENT_TARGET = 10.3;
				MTL_ENABLE_DEBUG_INFO = YES;
				ONLY_ACTIVE_ARCH = YES;
				SDKROOT = iphoneos;
				SWIFT_ACTIVE_COMPILATION_CONDITIONS = DEBUG;
				SWIFT_OPTIMIZATION_LEVEL = "-Onone";
				TARGETED_DEVICE_FAMILY = "1,2";
			};
			name = Debug;
		};
		F6A9171A1EFDE4740064AF0E /* Release */ = {
			isa = XCBuildConfiguration;
			buildSettings = {
				ALWAYS_SEARCH_USER_PATHS = NO;
				CLANG_ANALYZER_NONNULL = YES;
				CLANG_ANALYZER_NUMBER_OBJECT_CONVERSION = YES_AGGRESSIVE;
				CLANG_CXX_LANGUAGE_STANDARD = "gnu++0x";
				CLANG_CXX_LIBRARY = "libc++";
				CLANG_ENABLE_MODULES = YES;
				CLANG_ENABLE_OBJC_ARC = YES;
				CLANG_WARN_BOOL_CONVERSION = YES;
				CLANG_WARN_CONSTANT_CONVERSION = YES;
				CLANG_WARN_DIRECT_OBJC_ISA_USAGE = YES_ERROR;
				CLANG_WARN_DOCUMENTATION_COMMENTS = YES;
				CLANG_WARN_EMPTY_BODY = YES;
				CLANG_WARN_ENUM_CONVERSION = YES;
				CLANG_WARN_INFINITE_RECURSION = YES;
				CLANG_WARN_INT_CONVERSION = YES;
				CLANG_WARN_OBJC_ROOT_CLASS = YES_ERROR;
				CLANG_WARN_SUSPICIOUS_MOVE = YES;
				CLANG_WARN_UNREACHABLE_CODE = YES;
				CLANG_WARN__DUPLICATE_METHOD_MATCH = YES;
				"CODE_SIGN_IDENTITY[sdk=iphoneos*]" = "iPhone Developer";
				COPY_PHASE_STRIP = NO;
				DEBUG_INFORMATION_FORMAT = "dwarf-with-dsym";
				ENABLE_NS_ASSERTIONS = NO;
				ENABLE_STRICT_OBJC_MSGSEND = YES;
				GCC_C_LANGUAGE_STANDARD = gnu99;
				GCC_NO_COMMON_BLOCKS = YES;
				GCC_WARN_64_TO_32_BIT_CONVERSION = YES;
				GCC_WARN_ABOUT_RETURN_TYPE = YES_ERROR;
				GCC_WARN_UNDECLARED_SELECTOR = YES;
				GCC_WARN_UNINITIALIZED_AUTOS = YES_AGGRESSIVE;
				GCC_WARN_UNUSED_FUNCTION = YES;
				GCC_WARN_UNUSED_VARIABLE = YES;
				IPHONEOS_DEPLOYMENT_TARGET = 10.3;
				MTL_ENABLE_DEBUG_INFO = NO;
				SDKROOT = iphoneos;
				SWIFT_OPTIMIZATION_LEVEL = "-Owholemodule";
				TARGETED_DEVICE_FAMILY = "1,2";
				VALIDATE_PRODUCT = YES;
			};
			name = Release;
		};
		F6A9171C1EFDE4740064AF0E /* Debug */ = {
			isa = XCBuildConfiguration;
			baseConfigurationReference = A5E2CE984DE8123EE112C364 /* Pods-MessagesExtension.debug.xcconfig */;
			buildSettings = {
				ASSETCATALOG_COMPILER_APPICON_NAME = "iMessage App Icon";
				CODE_SIGN_ENTITLEMENTS = MessagesExtension/MessagesExtension.entitlements;
				"CODE_SIGN_IDENTITY[sdk=iphoneos*]" = "iPhone Developer";
				DEVELOPMENT_TEAM = P79GHWWSY3;
				INFOPLIST_FILE = MessagesExtension/Info.plist;
				IPHONEOS_DEPLOYMENT_TARGET = 10.0;
				LD_RUNPATH_SEARCH_PATHS = "$(inherited) @executable_path/Frameworks @executable_path/../../Frameworks";
				PRODUCT_BUNDLE_IDENTIFIER = com.shivsakhuja.translateApp.messages;
				PRODUCT_NAME = "$(TARGET_NAME)";
				PROVISIONING_PROFILE = "";
				PROVISIONING_PROFILE_SPECIFIER = "";
				SKIP_INSTALL = YES;
				SWIFT_VERSION = 3.0;
			};
			name = Debug;
		};
		F6A9171D1EFDE4740064AF0E /* Release */ = {
			isa = XCBuildConfiguration;
			baseConfigurationReference = 944362F268A23109E5E366E7 /* Pods-MessagesExtension.release.xcconfig */;
			buildSettings = {
				ASSETCATALOG_COMPILER_APPICON_NAME = "iMessage App Icon";
				CODE_SIGN_ENTITLEMENTS = MessagesExtension/MessagesExtension.entitlements;
				"CODE_SIGN_IDENTITY[sdk=iphoneos*]" = "iPhone Developer";
				DEVELOPMENT_TEAM = P79GHWWSY3;
				INFOPLIST_FILE = MessagesExtension/Info.plist;
				IPHONEOS_DEPLOYMENT_TARGET = 10.0;
				LD_RUNPATH_SEARCH_PATHS = "$(inherited) @executable_path/Frameworks @executable_path/../../Frameworks";
				PRODUCT_BUNDLE_IDENTIFIER = com.shivsakhuja.translateApp.messages;
				PRODUCT_NAME = "$(TARGET_NAME)";
				PROVISIONING_PROFILE = "";
				PROVISIONING_PROFILE_SPECIFIER = "";
				SKIP_INSTALL = YES;
				SWIFT_VERSION = 3.0;
			};
			name = Release;
		};
		F6A917201EFDE4740064AF0E /* Debug */ = {
			isa = XCBuildConfiguration;
			baseConfigurationReference = 1C89B79DD4F18C70AE3A62FE /* Pods-translateApp.debug.xcconfig */;
			buildSettings = {
				ALWAYS_EMBED_SWIFT_STANDARD_LIBRARIES = YES;
				ASSETCATALOG_COMPILER_APPICON_NAME = AppIcon;
				"CODE_SIGN_IDENTITY[sdk=iphoneos*]" = "iPhone Developer";
				DEVELOPMENT_TEAM = P79GHWWSY3;
				INFOPLIST_FILE = translateApp/Info.plist;
				PRODUCT_BUNDLE_IDENTIFIER = com.shivsakhuja.translateApp;
				PRODUCT_NAME = "$(TARGET_NAME)";
				PROVISIONING_PROFILE = "";
				PROVISIONING_PROFILE_SPECIFIER = "";
				SWIFT_VERSION = 3.0;
			};
			name = Debug;
		};
		F6A917211EFDE4740064AF0E /* Release */ = {
			isa = XCBuildConfiguration;
			baseConfigurationReference = 5448551E06C538F242949D2B /* Pods-translateApp.release.xcconfig */;
			buildSettings = {
				ALWAYS_EMBED_SWIFT_STANDARD_LIBRARIES = YES;
				ASSETCATALOG_COMPILER_APPICON_NAME = AppIcon;
				"CODE_SIGN_IDENTITY[sdk=iphoneos*]" = "iPhone Developer";
				DEVELOPMENT_TEAM = P79GHWWSY3;
				INFOPLIST_FILE = translateApp/Info.plist;
				PRODUCT_BUNDLE_IDENTIFIER = com.shivsakhuja.translateApp;
				PRODUCT_NAME = "$(TARGET_NAME)";
				PROVISIONING_PROFILE = "";
				PROVISIONING_PROFILE_SPECIFIER = "";
				SWIFT_VERSION = 3.0;
			};
			name = Release;
		};
/* End XCBuildConfiguration section */

/* Begin XCConfigurationList section */
		F6A916FC1EFDE4740064AF0E /* Build configuration list for PBXProject "translateApp" */ = {
			isa = XCConfigurationList;
			buildConfigurations = (
				F6A917191EFDE4740064AF0E /* Debug */,
				F6A9171A1EFDE4740064AF0E /* Release */,
			);
			defaultConfigurationIsVisible = 0;
			defaultConfigurationName = Release;
		};
		F6A9171B1EFDE4740064AF0E /* Build configuration list for PBXNativeTarget "MessagesExtension" */ = {
			isa = XCConfigurationList;
			buildConfigurations = (
				F6A9171C1EFDE4740064AF0E /* Debug */,
				F6A9171D1EFDE4740064AF0E /* Release */,
			);
			defaultConfigurationIsVisible = 0;
			defaultConfigurationName = Release;
		};
		F6A9171F1EFDE4740064AF0E /* Build configuration list for PBXNativeTarget "translateApp" */ = {
			isa = XCConfigurationList;
			buildConfigurations = (
				F6A917201EFDE4740064AF0E /* Debug */,
				F6A917211EFDE4740064AF0E /* Release */,
			);
			defaultConfigurationIsVisible = 0;
			defaultConfigurationName = Release;
		};
/* End XCConfigurationList section */
	};
	rootObject = F6A916F91EFDE4740064AF0E /* Project object */;
}
